
Microsoft Visual Studio Solution File, Format Version 12.00
# Visual Studio Version 16
VisualStudioVersion = 16.0.32602.291
MinimumVisualStudioVersion = 10.0.40219.1
Project("{FAE04EC0-301F-11D3-BF4B-00C04F79EFBC}") = "reverse writing", "reverse writing\reverse writing.csproj", "{36C9D5F2-D479-44A5-AA47-C77D6C0922CC}"
EndProject
Global
	GlobalSection(SolutionConfigurationPlatforms) = preSolution
		Debug|Any CPU = Debug|Any CPU
		Release|Any CPU = Release|Any CPU
	EndGlobalSection
	GlobalSection(ProjectConfigurationPlatforms) = postSolution
		{36C9D5F2-D479-44A5-AA47-C77D6C0922CC}.Debug|Any CPU.ActiveCfg = Debug|Any CPU
		{36C9D5F2-D479-44A5-AA47-C77D6C0922CC}.Debug|Any CPU.Build.0 = Debug|Any CPU
		{36C9D5F2-D479-44A5-AA47-C77D6C0922CC}.Release|Any CPU.ActiveCfg = Release|Any CPU
		{36C9D5F2-D479-44A5-AA47-C77D6C0922CC}.Release|Any CPU.Build.0 = Release|Any CPU
	EndGlobalSection
	GlobalSection(SolutionProperties) = preSolution
		HideSolutionNode = FALSE
	EndGlobalSection
	GlobalSection(ExtensibilityGlobals) = postSolution
		SolutionGuid = {BC53C6A9-E771-4CFD-815A-FD15C5F3A07B}
	EndGlobalSection
EndGlobal
